
Microsoft Visual Studio Solution File, Format Version 12.00
# Visual Studio Version 17
VisualStudioVersion = 17.2.32630.192
MinimumVisualStudioVersion = 10.0.40219.1
Project("{8BC9CEB8-8B4A-11D0-8D11-00A0C91BC942}") = "Задача №50", "Задача №50\Задача №50.vcxproj", "{13FE1FB2-8C7F-4DC5-BD9E-50ECFC915468}"
EndProject
Global
	GlobalSection(SolutionConfigurationPlatforms) = preSolution
		Debug|x64 = Debug|x64
		Debug|x86 = Debug|x86
		Release|x64 = Release|x64
		Release|x86 = Release|x86
	EndGlobalSection
	GlobalSection(ProjectConfigurationPlatforms) = postSolution
		{13FE1FB2-8C7F-4DC5-BD9E-50ECFC915468}.Debug|x64.ActiveCfg = Debug|x64
		{13FE1FB2-8C7F-4DC5-BD9E-50ECFC915468}.Debug|x64.Build.0 = Debug|x64
		{13FE1FB2-8C7F-4DC5-BD9E-50ECFC915468}.Debug|x86.ActiveCfg = Debug|Win32
		{13FE1FB2-8C7F-4DC5-BD9E-50ECFC915468}.Debug|x86.Build.0 = Debug|Win32
		{13FE1FB2-8C7F-4DC5-BD9E-50ECFC915468}.Release|x64.ActiveCfg = Release|x64
		{13FE1FB2-8C7F-4DC5-BD9E-50ECFC915468}.Release|x64.Build.0 = Release|x64
		{13FE1FB2-8C7F-4DC5-BD9E-50ECFC915468}.Release|x86.ActiveCfg = Release|Win32
		{13FE1FB2-8C7F-4DC5-BD9E-50ECFC915468}.Release|x86.Build.0 = Release|Win32
	EndGlobalSection
	GlobalSection(SolutionProperties) = preSolution
		HideSolutionNode = FALSE
	EndGlobalSection
	GlobalSection(ExtensibilityGlobals) = postSolution
		SolutionGuid = {E2A51FC1-0F3F-4C51-A477-4A4AB149ED91}
	EndGlobalSection
EndGlobal
